
Microsoft Visual Studio Solution File, Format Version 12.00
# Visual Studio Version 17
VisualStudioVersion = 17.4.33403.182
MinimumVisualStudioVersion = 10.0.40219.1
Project("{FAE04EC0-301F-11D3-BF4B-00C04F79EFBC}") = "Prostokat_Klasa", "Prostokat_Klasa\Prostokat_Klasa.csproj", "{026C5426-AB2C-40DF-A4D6-FF360E21C9D9}"
EndProject
Global
	GlobalSection(SolutionConfigurationPlatforms) = preSolution
		Debug|Any CPU = Debug|Any CPU
		Release|Any CPU = Release|Any CPU
	EndGlobalSection
	GlobalSection(ProjectConfigurationPlatforms) = postSolution
		{026C5426-AB2C-40DF-A4D6-FF360E21C9D9}.Debug|Any CPU.ActiveCfg = Debug|Any CPU
		{026C5426-AB2C-40DF-A4D6-FF360E21C9D9}.Debug|Any CPU.Build.0 = Debug|Any CPU
		{026C5426-AB2C-40DF-A4D6-FF360E21C9D9}.Release|Any CPU.ActiveCfg = Release|Any CPU
		{026C5426-AB2C-40DF-A4D6-FF360E21C9D9}.Release|Any CPU.Build.0 = Release|Any CPU
	EndGlobalSection
	GlobalSection(SolutionProperties) = preSolution
		HideSolutionNode = FALSE
	EndGlobalSection
	GlobalSection(ExtensibilityGlobals) = postSolution
		SolutionGuid = {3D6B86BA-BFF9-4A93-97D9-882FDB0DA296}
	EndGlobalSection
EndGlobal
